
Microsoft Visual Studio Solution File, Format Version 12.00
# Visual Studio Version 17
VisualStudioVersion = 17.0.31903.59
MinimumVisualStudioVersion = 10.0.40219.1
Project("{2150E333-8FDC-42A3-9474-1A3956D46DE8}") = "src", "src", "{827E0CD3-B72D-47B6-A68D-7590B98EB39B}"
EndProject
Project("{2150E333-8FDC-42A3-9474-1A3956D46DE8}") = "Shared", "Shared", "{C8E42992-5E42-0C2B-DBFE-AA848D06431C}"
EndProject
Project("{FAE04EC0-301F-11D3-BF4B-00C04F79EFBC}") = "Shared.Kernel", "src\Shared\Shared.Kernel\Shared.Kernel.csproj", "{0EFB6AFB-9D61-4CF5-A54B-EE5579A1FC6E}"
EndProject
Project("{FAE04EC0-301F-11D3-BF4B-00C04F79EFBC}") = "Shared.Messaging", "src\Shared\Shared.Messaging\Shared.Messaging.csproj", "{AFB332AE-8410-48B0-9BA1-D41AB7B88BF9}"
EndProject
Project("{FAE04EC0-301F-11D3-BF4B-00C04F79EFBC}") = "Shared.Web", "src\Shared\Shared.Web\Shared.Web.csproj", "{BAAE5CD1-7F18-4246-9AE5-ED62419B0ABE}"
EndProject
Project("{2150E333-8FDC-42A3-9474-1A3956D46DE8}") = "Identity", "Identity", "{2FA89949-C014-61E3-9766-4043502A0423}"
EndProject
Project("{FAE04EC0-301F-11D3-BF4B-00C04F79EFBC}") = "Identity.Domain", "src\Identity\Identity.Domain\Identity.Domain.csproj", "{C0E1F69F-61DC-46BF-BF66-64A4FFD3747C}"
EndProject
Project("{FAE04EC0-301F-11D3-BF4B-00C04F79EFBC}") = "Identity.Application", "src\Identity\Identity.Application\Identity.Application.csproj", "{4522EE33-9998-4F31-BB3E-0C4B4C539E34}"
EndProject
Project("{FAE04EC0-301F-11D3-BF4B-00C04F79EFBC}") = "Identity.Infrastructure", "src\Identity\Identity.Infrastructure\Identity.Infrastructure.csproj", "{926BCF5B-875D-4587-9999-CFCA1D1D2D1B}"
EndProject
Project("{FAE04EC0-301F-11D3-BF4B-00C04F79EFBC}") = "Identity.Api", "src\Identity\Identity.Api\Identity.Api.csproj", "{41A3AE4E-45E2-4430-8FF8-1532038989F5}"
EndProject
Project("{2150E333-8FDC-42A3-9474-1A3956D46DE8}") = "tests", "tests", "{0AB3BF05-4346-4AA6-1389-037BE0695223}"
EndProject
Project("{FAE04EC0-301F-11D3-BF4B-00C04F79EFBC}") = "Identity.IntegrationTests", "tests\Identity.IntegrationTests\Identity.IntegrationTests.csproj", "{1AD8A0FF-7732-4486-B165-1CE92BF74EB8}"
EndProject
Project("{FAE04EC0-301F-11D3-BF4B-00C04F79EFBC}") = "Shared.Messaging.Tests", "tests\Shared.Messaging.Tests\Shared.Messaging.Tests.csproj", "{8346DDC4-9B09-431C-AD20-5139EB1F263C}"
EndProject
Project("{2150E333-8FDC-42A3-9474-1A3956D46DE8}") = "Cashier", "Cashier", "{75A673BF-FFC3-83FB-B26A-FC6934B54B1B}"
EndProject
Project("{FAE04EC0-301F-11D3-BF4B-00C04F79EFBC}") = "Cashier.Domain", "src\Cashier\Cashier.Domain\Cashier.Domain.csproj", "{EE708B25-F43D-42D6-BA94-54BEBAC674E9}"
EndProject
Project("{FAE04EC0-301F-11D3-BF4B-00C04F79EFBC}") = "Cashier.Application", "src\Cashier\Cashier.Application\Cashier.Application.csproj", "{7FDB322C-89B1-4E60-A4DB-8514B00A8453}"
EndProject
Project("{FAE04EC0-301F-11D3-BF4B-00C04F79EFBC}") = "Cashier.Infrastructure", "src\Cashier\Cashier.Infrastructure\Cashier.Infrastructure.csproj", "{B0F74014-A334-49DF-AD93-E5959CB44B92}"
EndProject
Project("{FAE04EC0-301F-11D3-BF4B-00C04F79EFBC}") = "Cashier.Api", "src\Cashier\Cashier.Api\Cashier.Api.csproj", "{97CC9766-6238-4498-81E8-0CAE92552DFB}"
EndProject
Project("{FAE04EC0-301F-11D3-BF4B-00C04F79EFBC}") = "Cashier.UnitTests", "tests\Cashier.UnitTests\Cashier.UnitTests.csproj", "{3957116E-DF10-42B7-AD2B-6A8A53867F9F}"
EndProject
Project("{FAE04EC0-301F-11D3-BF4B-00C04F79EFBC}") = "Cashier.IntegrationTests", "tests\Cashier.IntegrationTests\Cashier.IntegrationTests.csproj", "{847B74E3-104A-44BE-B4EF-FC429D48D81E}"
EndProject
Project("{2150E333-8FDC-42A3-9474-1A3956D46DE8}") = "Ordering", "Ordering", "{F27B2340-E7BA-3D4E-2BA0-468913BF6518}"
EndProject
Project("{FAE04EC0-301F-11D3-BF4B-00C04F79EFBC}") = "Ordering.Domain", "src\Ordering\Ordering.Domain\Ordering.Domain.csproj", "{9C3F0E0E-0077-4B55-9CC3-D8A0B7A3933D}"
EndProject
Project("{FAE04EC0-301F-11D3-BF4B-00C04F79EFBC}") = "Ordering.Application", "src\Ordering\Ordering.Application\Ordering.Application.csproj", "{B4783B53-1D67-44B8-B194-F03FDA2973BA}"
EndProject
Project("{FAE04EC0-301F-11D3-BF4B-00C04F79EFBC}") = "Ordering.Infrastructure", "src\Ordering\Ordering.Infrastructure\Ordering.Infrastructure.csproj", "{FE63143C-7959-4DD0-920E-239984BF822F}"
EndProject
Project("{FAE04EC0-301F-11D3-BF4B-00C04F79EFBC}") = "Ordering.Api", "src\Ordering\Ordering.Api\Ordering.Api.csproj", "{87C4C502-AF99-479D-95D9-CC6C6FA93B3B}"
EndProject
Project("{FAE04EC0-301F-11D3-BF4B-00C04F79EFBC}") = "Ordering.UnitTests", "tests\Ordering.UnitTests\Ordering.UnitTests.csproj", "{78AFEFCF-48A9-40A8-8048-091B74943C7E}"
EndProject
Project("{FAE04EC0-301F-11D3-BF4B-00C04F79EFBC}") = "Ordering.IntegrationTests", "tests\Ordering.IntegrationTests\Ordering.IntegrationTests.csproj", "{870D696F-850A-4685-81F4-74AEABB50A51}"
EndProject
Global
	GlobalSection(SolutionConfigurationPlatforms) = preSolution
		Debug|Any CPU = Debug|Any CPU
		Debug|x64 = Debug|x64
		Debug|x86 = Debug|x86
		Release|Any CPU = Release|Any CPU
		Release|x64 = Release|x64
		Release|x86 = Release|x86
	EndGlobalSection
	GlobalSection(ProjectConfigurationPlatforms) = postSolution
		{0EFB6AFB-9D61-4CF5-A54B-EE5579A1FC6E}.Debug|Any CPU.ActiveCfg = Debug|Any CPU
		{0EFB6AFB-9D61-4CF5-A54B-EE5579A1FC6E}.Debug|Any CPU.Build.0 = Debug|Any CPU
		{0EFB6AFB-9D61-4CF5-A54B-EE5579A1FC6E}.Debug|x64.ActiveCfg = Debug|Any CPU
		{0EFB6AFB-9D61-4CF5-A54B-EE5579A1FC6E}.Debug|x64.Build.0 = Debug|Any CPU
		{0EFB6AFB-9D61-4CF5-A54B-EE5579A1FC6E}.Debug|x86.ActiveCfg = Debug|Any CPU
		{0EFB6AFB-9D61-4CF5-A54B-EE5579A1FC6E}.Debug|x86.Build.0 = Debug|Any CPU
		{0EFB6AFB-9D61-4CF5-A54B-EE5579A1FC6E}.Release|Any CPU.ActiveCfg = Release|Any CPU
		{0EFB6AFB-9D61-4CF5-A54B-EE5579A1FC6E}.Release|Any CPU.Build.0 = Release|Any CPU
		{0EFB6AFB-9D61-4CF5-A54B-EE5579A1FC6E}.Release|x64.ActiveCfg = Release|Any CPU
		{0EFB6AFB-9D61-4CF5-A54B-EE5579A1FC6E}.Release|x64.Build.0 = Release|Any CPU
		{0EFB6AFB-9D61-4CF5-A54B-EE5579A1FC6E}.Release|x86.ActiveCfg = Release|Any CPU
		{0EFB6AFB-9D61-4CF5-A54B-EE5579A1FC6E}.Release|x86.Build.0 = Release|Any CPU
		{AFB332AE-8410-48B0-9BA1-D41AB7B88BF9}.Debug|Any CPU.ActiveCfg = Debug|Any CPU
		{AFB332AE-8410-48B0-9BA1-D41AB7B88BF9}.Debug|Any CPU.Build.0 = Debug|Any CPU
		{AFB332AE-8410-48B0-9BA1-D41AB7B88BF9}.Debug|x64.ActiveCfg = Debug|Any CPU
		{AFB332AE-8410-48B0-9BA1-D41AB7B88BF9}.Debug|x64.Build.0 = Debug|Any CPU
		{AFB332AE-8410-48B0-9BA1-D41AB7B88BF9}.Debug|x86.ActiveCfg = Debug|Any CPU
		{AFB332AE-8410-48B0-9BA1-D41AB7B88BF9}.Debug|x86.Build.0 = Debug|Any CPU
		{AFB332AE-8410-48B0-9BA1-D41AB7B88BF9}.Release|Any CPU.ActiveCfg = Release|Any CPU
		{AFB332AE-8410-48B0-9BA1-D41AB7B88BF9}.Release|Any CPU.Build.0 = Release|Any CPU
		{AFB332AE-8410-48B0-9BA1-D41AB7B88BF9}.Release|x64.ActiveCfg = Release|Any CPU
		{AFB332AE-8410-48B0-9BA1-D41AB7B88BF9}.Release|x64.Build.0 = Release|Any CPU
		{AFB332AE-8410-48B0-9BA1-D41AB7B88BF9}.Release|x86.ActiveCfg = Release|Any CPU
		{AFB332AE-8410-48B0-9BA1-D41AB7B88BF9}.Release|x86.Build.0 = Release|Any CPU
		{BAAE5CD1-7F18-4246-9AE5-ED62419B0ABE}.Debug|Any CPU.ActiveCfg = Debug|Any CPU
		{BAAE5CD1-7F18-4246-9AE5-ED62419B0ABE}.Debug|Any CPU.Build.0 = Debug|Any CPU
		{BAAE5CD1-7F18-4246-9AE5-ED62419B0ABE}.Debug|x64.ActiveCfg = Debug|Any CPU
		{BAAE5CD1-7F18-4246-9AE5-ED62419B0ABE}.Debug|x64.Build.0 = Debug|Any CPU
		{BAAE5CD1-7F18-4246-9AE5-ED62419B0ABE}.Debug|x86.ActiveCfg = Debug|Any CPU
		{BAAE5CD1-7F18-4246-9AE5-ED62419B0ABE}.Debug|x86.Build.0 = Debug|Any CPU
		{BAAE5CD1-7F18-4246-9AE5-ED62419B0ABE}.Release|Any CPU.ActiveCfg = Release|Any CPU
		{BAAE5CD1-7F18-4246-9AE5-ED62419B0ABE}.Release|Any CPU.Build.0 = Release|Any CPU
		{BAAE5CD1-7F18-4246-9AE5-ED62419B0ABE}.Release|x64.ActiveCfg = Release|Any CPU
		{BAAE5CD1-7F18-4246-9AE5-ED62419B0ABE}.Release|x64.Build.0 = Release|Any CPU
		{BAAE5CD1-7F18-4246-9AE5-ED62419B0ABE}.Release|x86.ActiveCfg = Release|Any CPU
		{BAAE5CD1-7F18-4246-9AE5-ED62419B0ABE}.Release|x86.Build.0 = Release|Any CPU
		{C0E1F69F-61DC-46BF-BF66-64A4FFD3747C}.Debug|Any CPU.ActiveCfg = Debug|Any CPU
		{C0E1F69F-61DC-46BF-BF66-64A4FFD3747C}.Debug|Any CPU.Build.0 = Debug|Any CPU
		{C0E1F69F-61DC-46BF-BF66-64A4FFD3747C}.Debug|x64.ActiveCfg = Debug|Any CPU
		{C0E1F69F-61DC-46BF-BF66-64A4FFD3747C}.Debug|x64.Build.0 = Debug|Any CPU
		{C0E1F69F-61DC-46BF-BF66-64A4FFD3747C}.Debug|x86.ActiveCfg = Debug|Any CPU
		{C0E1F69F-61DC-46BF-BF66-64A4FFD3747C}.Debug|x86.Build.0 = Debug|Any CPU
		{C0E1F69F-61DC-46BF-BF66-64A4FFD3747C}.Release|Any CPU.ActiveCfg = Release|Any CPU
		{C0E1F69F-61DC-46BF-BF66-64A4FFD3747C}.Release|Any CPU.Build.0 = Release|Any CPU
		{C0E1F69F-61DC-46BF-BF66-64A4FFD3747C}.Release|x64.ActiveCfg = Release|Any CPU
		{C0E1F69F-61DC-46BF-BF66-64A4FFD3747C}.Release|x64.Build.0 = Release|Any CPU
		{C0E1F69F-61DC-46BF-BF66-64A4FFD3747C}.Release|x86.ActiveCfg = Release|Any CPU
		{C0E1F69F-61DC-46BF-BF66-64A4FFD3747C}.Release|x86.Build.0 = Release|Any CPU
		{4522EE33-9998-4F31-BB3E-0C4B4C539E34}.Debug|Any CPU.ActiveCfg = Debug|Any CPU
		{4522EE33-9998-4F31-BB3E-0C4B4C539E34}.Debug|Any CPU.Build.0 = Debug|Any CPU
		{4522EE33-9998-4F31-BB3E-0C4B4C539E34}.Debug|x64.ActiveCfg = Debug|Any CPU
		{4522EE33-9998-4F31-BB3E-0C4B4C539E34}.Debug|x64.Build.0 = Debug|Any CPU
		{4522EE33-9998-4F31-BB3E-0C4B4C539E34}.Debug|x86.ActiveCfg = Debug|Any CPU
		{4522EE33-9998-4F31-BB3E-0C4B4C539E34}.Debug|x86.Build.0 = Debug|Any CPU
		{4522EE33-9998-4F31-BB3E-0C4B4C539E34}.Release|Any CPU.ActiveCfg = Release|Any CPU
		{4522EE33-9998-4F31-BB3E-0C4B4C539E34}.Release|Any CPU.Build.0 = Release|Any CPU
		{4522EE33-9998-4F31-BB3E-0C4B4C539E34}.Release|x64.ActiveCfg = Release|Any CPU
		{4522EE33-9998-4F31-BB3E-0C4B4C539E34}.Release|x64.Build.0 = Release|Any CPU
		{4522EE33-9998-4F31-BB3E-0C4B4C539E34}.Release|x86.ActiveCfg = Release|Any CPU
		{4522EE33-9998-4F31-BB3E-0C4B4C539E34}.Release|x86.Build.0 = Release|Any CPU
		{926BCF5B-875D-4587-9999-CFCA1D1D2D1B}.Debug|Any CPU.ActiveCfg = Debug|Any CPU
		{926BCF5B-875D-4587-9999-CFCA1D1D2D1B}.Debug|Any CPU.Build.0 = Debug|Any CPU
		{926BCF5B-875D-4587-9999-CFCA1D1D2D1B}.Debug|x64.ActiveCfg = Debug|Any CPU
		{926BCF5B-875D-4587-9999-CFCA1D1D2D1B}.Debug|x64.Build.0 = Debug|Any CPU
		{926BCF5B-875D-4587-9999-CFCA1D1D2D1B}.Debug|x86.ActiveCfg = Debug|Any CPU
		{926BCF5B-875D-4587-9999-CFCA1D1D2D1B}.Debug|x86.Build.0 = Debug|Any CPU
		{926BCF5B-875D-4587-9999-CFCA1D1D2D1B}.Release|Any CPU.ActiveCfg = Release|Any CPU
		{926BCF5B-875D-4587-9999-CFCA1D1D2D1B}.Release|Any CPU.Build.0 = Release|Any CPU
		{926BCF5B-875D-4587-9999-CFCA1D1D2D1B}.Release|x64.ActiveCfg = Release|Any CPU
		{926BCF5B-875D-4587-9999-CFCA1D1D2D1B}.Release|x64.Build.0 = Release|Any CPU
		{926BCF5B-875D-4587-9999-CFCA1D1D2D1B}.Release|x86.ActiveCfg = Release|Any CPU
		{926BCF5B-875D-4587-9999-CFCA1D1D2D1B}.Release|x86.Build.0 = Release|Any CPU
		{41A3AE4E-45E2-4430-8FF8-1532038989F5}.Debug|Any CPU.ActiveCfg = Debug|Any CPU
		{41A3AE4E-45E2-4430-8FF8-1532038989F5}.Debug|Any CPU.Build.0 = Debug|Any CPU
		{41A3AE4E-45E2-4430-8FF8-1532038989F5}.Debug|x64.ActiveCfg = Debug|Any CPU
		{41A3AE4E-45E2-4430-8FF8-1532038989F5}.Debug|x64.Build.0 = Debug|Any CPU
		{41A3AE4E-45E2-4430-8FF8-1532038989F5}.Debug|x86.ActiveCfg = Debug|Any CPU
		{41A3AE4E-45E2-4430-8FF8-1532038989F5}.Debug|x86.Build.0 = Debug|Any CPU
		{41A3AE4E-45E2-4430-8FF8-1532038989F5}.Release|Any CPU.ActiveCfg = Release|Any CPU
		{41A3AE4E-45E2-4430-8FF8-1532038989F5}.Release|Any CPU.Build.0 = Release|Any CPU
		{41A3AE4E-45E2-4430-8FF8-1532038989F5}.Release|x64.ActiveCfg = Release|Any CPU
		{41A3AE4E-45E2-4430-8FF8-1532038989F5}.Release|x64.Build.0 = Release|Any CPU
		{41A3AE4E-45E2-4430-8FF8-1532038989F5}.Release|x86.ActiveCfg = Release|Any CPU
		{41A3AE4E-45E2-4430-8FF8-1532038989F5}.Release|x86.Build.0 = Release|Any CPU
		{1AD8A0FF-7732-4486-B165-1CE92BF74EB8}.Debug|Any CPU.ActiveCfg = Debug|Any CPU
		{1AD8A0FF-7732-4486-B165-1CE92BF74EB8}.Debug|Any CPU.Build.0 = Debug|Any CPU
		{1AD8A0FF-7732-4486-B165-1CE92BF74EB8}.Debug|x64.ActiveCfg = Debug|Any CPU
		{1AD8A0FF-7732-4486-B165-1CE92BF74EB8}.Debug|x64.Build.0 = Debug|Any CPU
		{1AD8A0FF-7732-4486-B165-1CE92BF74EB8}.Debug|x86.ActiveCfg = Debug|Any CPU
		{1AD8A0FF-7732-4486-B165-1CE92BF74EB8}.Debug|x86.Build.0 = Debug|Any CPU
		{1AD8A0FF-7732-4486-B165-1CE92BF74EB8}.Release|Any CPU.ActiveCfg = Release|Any CPU
		{1AD8A0FF-7732-4486-B165-1CE92BF74EB8}.Release|Any CPU.Build.0 = Release|Any CPU
		{1AD8A0FF-7732-4486-B165-1CE92BF74EB8}.Release|x64.ActiveCfg = Release|Any CPU
		{1AD8A0FF-7732-4486-B165-1CE92BF74EB8}.Release|x64.Build.0 = Release|Any CPU
		{1AD8A0FF-7732-4486-B165-1CE92BF74EB8}.Release|x86.ActiveCfg = Release|Any CPU
		{1AD8A0FF-7732-4486-B165-1CE92BF74EB8}.Release|x86.Build.0 = Release|Any CPU
		{8346DDC4-9B09-431C-AD20-5139EB1F263C}.Debug|Any CPU.ActiveCfg = Debug|Any CPU
		{8346DDC4-9B09-431C-AD20-5139EB1F263C}.Debug|Any CPU.Build.0 = Debug|Any CPU
		{8346DDC4-9B09-431C-AD20-5139EB1F263C}.Debug|x64.ActiveCfg = Debug|Any CPU
		{8346DDC4-9B09-431C-AD20-5139EB1F263C}.Debug|x64.Build.0 = Debug|Any CPU
		{8346DDC4-9B09-431C-AD20-5139EB1F263C}.Debug|x86.ActiveCfg = Debug|Any CPU
		{8346DDC4-9B09-431C-AD20-5139EB1F263C}.Debug|x86.Build.0 = Debug|Any CPU
		{8346DDC4-9B09-431C-AD20-5139EB1F263C}.Release|Any CPU.ActiveCfg = Release|Any CPU
		{8346DDC4-9B09-431C-AD20-5139EB1F263C}.Release|Any CPU.Build.0 = Release|Any CPU
		{8346DDC4-9B09-431C-AD20-5139EB1F263C}.Release|x64.ActiveCfg = Release|Any CPU
		{8346DDC4-9B09-431C-AD20-5139EB1F263C}.Release|x64.Build.0 = Release|Any CPU
		{8346DDC4-9B09-431C-AD20-5139EB1F263C}.Release|x86.ActiveCfg = Release|Any CPU
		{8346DDC4-9B09-431C-AD20-5139EB1F263C}.Release|x86.Build.0 = Release|Any CPU
		{EE708B25-F43D-42D6-BA94-54BEBAC674E9}.Debug|Any CPU.ActiveCfg = Debug|Any CPU
		{EE708B25-F43D-42D6-BA94-54BEBAC674E9}.Debug|Any CPU.Build.0 = Debug|Any CPU
		{EE708B25-F43D-42D6-BA94-54BEBAC674E9}.Debug|x64.ActiveCfg = Debug|Any CPU
		{EE708B25-F43D-42D6-BA94-54BEBAC674E9}.Debug|x64.Build.0 = Debug|Any CPU
		{EE708B25-F43D-42D6-BA94-54BEBAC674E9}.Debug|x86.ActiveCfg = Debug|Any CPU
		{EE708B25-F43D-42D6-BA94-54BEBAC674E9}.Debug|x86.Build.0 = Debug|Any CPU
		{EE708B25-F43D-42D6-BA94-54BEBAC674E9}.Release|Any CPU.ActiveCfg = Release|Any CPU
		{EE708B25-F43D-42D6-BA94-54BEBAC674E9}.Release|Any CPU.Build.0 = Release|Any CPU
		{EE708B25-F43D-42D6-BA94-54BEBAC674E9}.Release|x64.ActiveCfg = Release|Any CPU
		{EE708B25-F43D-42D6-BA94-54BEBAC674E9}.Release|x64.Build.0 = Release|Any CPU
		{EE708B25-F43D-42D6-BA94-54BEBAC674E9}.Release|x86.ActiveCfg = Release|Any CPU
		{EE708B25-F43D-42D6-BA94-54BEBAC674E9}.Release|x86.Build.0 = Release|Any CPU
		{7FDB322C-89B1-4E60-A4DB-8514B00A8453}.Debug|Any CPU.ActiveCfg = Debug|Any CPU
		{7FDB322C-89B1-4E60-A4DB-8514B00A8453}.Debug|Any CPU.Build.0 = Debug|Any CPU
		{7FDB322C-89B1-4E60-A4DB-8514B00A8453}.Debug|x64.ActiveCfg = Debug|Any CPU
		{7FDB322C-89B1-4E60-A4DB-8514B00A8453}.Debug|x64.Build.0 = Debug|Any CPU
		{7FDB322C-89B1-4E60-A4DB-8514B00A8453}.Debug|x86.ActiveCfg = Debug|Any CPU
		{7FDB322C-89B1-4E60-A4DB-8514B00A8453}.Debug|x86.Build.0 = Debug|Any CPU
		{7FDB322C-89B1-4E60-A4DB-8514B00A8453}.Release|Any CPU.ActiveCfg = Release|Any CPU
		{7FDB322C-89B1-4E60-A4DB-8514B00A8453}.Release|Any CPU.Build.0 = Release|Any CPU
		{7FDB322C-89B1-4E60-A4DB-8514B00A8453}.Release|x64.ActiveCfg = Release|Any CPU
		{7FDB322C-89B1-4E60-A4DB-8514B00A8453}.Release|x64.Build.0 = Release|Any CPU
		{7FDB322C-89B1-4E60-A4DB-8514B00A8453}.Release|x86.ActiveCfg = Release|Any CPU
		{7FDB322C-89B1-4E60-A4DB-8514B00A8453}.Release|x86.Build.0 = Release|Any CPU
		{B0F74014-A334-49DF-AD93-E5959CB44B92}.Debug|Any CPU.ActiveCfg = Debug|Any CPU
		{B0F74014-A334-49DF-AD93-E5959CB44B92}.Debug|Any CPU.Build.0 = Debug|Any CPU
		{B0F74014-A334-49DF-AD93-E5959CB44B92}.Debug|x64.ActiveCfg = Debug|Any CPU
		{B0F74014-A334-49DF-AD93-E5959CB44B92}.Debug|x64.Build.0 = Debug|Any CPU
		{B0F74014-A334-49DF-AD93-E5959CB44B92}.Debug|x86.ActiveCfg = Debug|Any CPU
		{B0F74014-A334-49DF-AD93-E5959CB44B92}.Debug|x86.Build.0 = Debug|Any CPU
		{B0F74014-A334-49DF-AD93-E5959CB44B92}.Release|Any CPU.ActiveCfg = Release|Any CPU
		{B0F74014-A334-49DF-AD93-E5959CB44B92}.Release|Any CPU.Build.0 = Release|Any CPU
		{B0F74014-A334-49DF-AD93-E5959CB44B92}.Release|x64.ActiveCfg = Release|Any CPU
		{B0F74014-A334-49DF-AD93-E5959CB44B92}.Release|x64.Build.0 = Release|Any CPU
		{B0F74014-A334-49DF-AD93-E5959CB44B92}.Release|x86.ActiveCfg = Release|Any CPU
		{B0F74014-A334-49DF-AD93-E5959CB44B92}.Release|x86.Build.0 = Release|Any CPU
		{97CC9766-6238-4498-81E8-0CAE92552DFB}.Debug|Any CPU.ActiveCfg = Debug|Any CPU
		{97CC9766-6238-4498-81E8-0CAE92552DFB}.Debug|Any CPU.Build.0 = Debug|Any CPU
		{97CC9766-6238-4498-81E8-0CAE92552DFB}.Debug|x64.ActiveCfg = Debug|Any CPU
		{97CC9766-6238-4498-81E8-0CAE92552DFB}.Debug|x64.Build.0 = Debug|Any CPU
		{97CC9766-6238-4498-81E8-0CAE92552DFB}.Debug|x86.ActiveCfg = Debug|Any CPU
		{97CC9766-6238-4498-81E8-0CAE92552DFB}.Debug|x86.Build.0 = Debug|Any CPU
		{97CC9766-6238-4498-81E8-0CAE92552DFB}.Release|Any CPU.ActiveCfg = Release|Any CPU
		{97CC9766-6238-4498-81E8-0CAE92552DFB}.Release|Any CPU.Build.0 = Release|Any CPU
		{97CC9766-6238-4498-81E8-0CAE92552DFB}.Release|x64.ActiveCfg = Release|Any CPU
		{97CC9766-6238-4498-81E8-0CAE92552DFB}.Release|x64.Build.0 = Release|Any CPU
		{97CC9766-6238-4498-81E8-0CAE92552DFB}.Release|x86.ActiveCfg = Release|Any CPU
		{97CC9766-6238-4498-81E8-0CAE92552DFB}.Release|x86.Build.0 = Release|Any CPU
		{3957116E-DF10-42B7-AD2B-6A8A53867F9F}.Debug|Any CPU.ActiveCfg = Debug|Any CPU
		{3957116E-DF10-42B7-AD2B-6A8A53867F9F}.Debug|Any CPU.Build.0 = Debug|Any CPU
		{3957116E-DF10-42B7-AD2B-6A8A53867F9F}.Debug|x64.ActiveCfg = Debug|Any CPU
		{3957116E-DF10-42B7-AD2B-6A8A53867F9F}.Debug|x64.Build.0 = Debug|Any CPU
		{3957116E-DF10-42B7-AD2B-6A8A53867F9F}.Debug|x86.ActiveCfg = Debug|Any CPU
		{3957116E-DF10-42B7-AD2B-6A8A53867F9F}.Debug|x86.Build.0 = Debug|Any CPU
		{3957116E-DF10-42B7-AD2B-6A8A53867F9F}.Release|Any CPU.ActiveCfg = Release|Any CPU
		{3957116E-DF10-42B7-AD2B-6A8A53867F9F}.Release|Any CPU.Build.0 = Release|Any CPU
		{3957116E-DF10-42B7-AD2B-6A8A53867F9F}.Release|x64.ActiveCfg = Release|Any CPU
		{3957116E-DF10-42B7-AD2B-6A8A53867F9F}.Release|x64.Build.0 = Release|Any CPU
		{3957116E-DF10-42B7-AD2B-6A8A53867F9F}.Release|x86.ActiveCfg = Release|Any CPU
		{3957116E-DF10-42B7-AD2B-6A8A53867F9F}.Release|x86.Build.0 = Release|Any CPU
		{847B74E3-104A-44BE-B4EF-FC429D48D81E}.Debug|Any CPU.ActiveCfg = Debug|Any CPU
		{847B74E3-104A-44BE-B4EF-FC429D48D81E}.Debug|Any CPU.Build.0 = Debug|Any CPU
		{847B74E3-104A-44BE-B4EF-FC429D48D81E}.Debug|x64.ActiveCfg = Debug|Any CPU
		{847B74E3-104A-44BE-B4EF-FC429D48D81E}.Debug|x64.Build.0 = Debug|Any CPU
		{847B74E3-104A-44BE-B4EF-FC429D48D81E}.Debug|x86.ActiveCfg = Debug|Any CPU
		{847B74E3-104A-44BE-B4EF-FC429D48D81E}.Debug|x86.Build.0 = Debug|Any CPU
		{847B74E3-104A-44BE-B4EF-FC429D48D81E}.Release|Any CPU.ActiveCfg = Release|Any CPU
		{847B74E3-104A-44BE-B4EF-FC429D48D81E}.Release|Any CPU.Build.0 = Release|Any CPU
		{847B74E3-104A-44BE-B4EF-FC429D48D81E}.Release|x64.ActiveCfg = Release|Any CPU
		{847B74E3-104A-44BE-B4EF-FC429D48D81E}.Release|x64.Build.0 = Release|Any CPU
		{847B74E3-104A-44BE-B4EF-FC429D48D81E}.Release|x86.ActiveCfg = Release|Any CPU
		{847B74E3-104A-44BE-B4EF-FC429D48D81E}.Release|x86.Build.0 = Release|Any CPU
		{9C3F0E0E-0077-4B55-9CC3-D8A0B7A3933D}.Debug|Any CPU.ActiveCfg = Debug|Any CPU
		{9C3F0E0E-0077-4B55-9CC3-D8A0B7A3933D}.Debug|Any CPU.Build.0 = Debug|Any CPU
		{9C3F0E0E-0077-4B55-9CC3-D8A0B7A3933D}.Debug|x64.ActiveCfg = Debug|Any CPU
		{9C3F0E0E-0077-4B55-9CC3-D8A0B7A3933D}.Debug|x64.Build.0 = Debug|Any CPU
		{9C3F0E0E-0077-4B55-9CC3-D8A0B7A3933D}.Debug|x86.ActiveCfg = Debug|Any CPU
		{9C3F0E0E-0077-4B55-9CC3-D8A0B7A3933D}.Debug|x86.Build.0 = Debug|Any CPU
		{9C3F0E0E-0077-4B55-9CC3-D8A0B7A3933D}.Release|Any CPU.ActiveCfg = Release|Any CPU
		{9C3F0E0E-0077-4B55-9CC3-D8A0B7A3933D}.Release|Any CPU.Build.0 = Release|Any CPU
		{9C3F0E0E-0077-4B55-9CC3-D8A0B7A3933D}.Release|x64.ActiveCfg = Release|Any CPU
		{9C3F0E0E-0077-4B55-9CC3-D8A0B7A3933D}.Release|x64.Build.0 = Release|Any CPU
		{9C3F0E0E-0077-4B55-9CC3-D8A0B7A3933D}.Release|x86.ActiveCfg = Release|Any CPU
		{9C3F0E0E-0077-4B55-9CC3-D8A0B7A3933D}.Release|x86.Build.0 = Release|Any CPU
		{B4783B53-1D67-44B8-B194-F03FDA2973BA}.Debug|Any CPU.ActiveCfg = Debug|Any CPU
		{B4783B53-1D67-44B8-B194-F03FDA2973BA}.Debug|Any CPU.Build.0 = Debug|Any CPU
		{B4783B53-1D67-44B8-B194-F03FDA2973BA}.Debug|x64.ActiveCfg = Debug|Any CPU
		{B4783B53-1D67-44B8-B194-F03FDA2973BA}.Debug|x64.Build.0 = Debug|Any CPU
		{B4783B53-1D67-44B8-B194-F03FDA2973BA}.Debug|x86.ActiveCfg = Debug|Any CPU
		{B4783B53-1D67-44B8-B194-F03FDA2973BA}.Debug|x86.Build.0 = Debug|Any CPU
		{B4783B53-1D67-44B8-B194-F03FDA2973BA}.Release|Any CPU.ActiveCfg = Release|Any CPU
		{B4783B53-1D67-44B8-B194-F03FDA2973BA}.Release|Any CPU.Build.0 = Release|Any CPU
		{B4783B53-1D67-44B8-B194-F03FDA2973BA}.Release|x64.ActiveCfg = Release|Any CPU
		{B4783B53-1D67-44B8-B194-F03FDA2973BA}.Release|x64.Build.0 = Release|Any CPU
		{B4783B53-1D67-44B8-B194-F03FDA2973BA}.Release|x86.ActiveCfg = Release|Any CPU
		{B4783B53-1D67-44B8-B194-F03FDA2973BA}.Release|x86.Build.0 = Release|Any CPU
		{FE63143C-7959-4DD0-920E-239984BF822F}.Debug|Any CPU.ActiveCfg = Debug|Any CPU
		{FE63143C-7959-4DD0-920E-239984BF822F}.Debug|Any CPU.Build.0 = Debug|Any CPU
		{FE63143C-7959-4DD0-920E-239984BF822F}.Debug|x64.ActiveCfg = Debug|Any CPU
		{FE63143C-7959-4DD0-920E-239984BF822F}.Debug|x64.Build.0 = Debug|Any CPU
		{FE63143C-7959-4DD0-920E-239984BF822F}.Debug|x86.ActiveCfg = Debug|Any CPU
		{FE63143C-7959-4DD0-920E-239984BF822F}.Debug|x86.Build.0 = Debug|Any CPU
		{FE63143C-7959-4DD0-920E-239984BF822F}.Release|Any CPU.ActiveCfg = Release|Any CPU
		{FE63143C-7959-4DD0-920E-239984BF822F}.Release|Any CPU.Build.0 = Release|Any CPU
		{FE63143C-7959-4DD0-920E-239984BF822F}.Release|x64.ActiveCfg = Release|Any CPU
		{FE63143C-7959-4DD0-920E-239984BF822F}.Release|x64.Build.0 = Release|Any CPU
		{FE63143C-7959-4DD0-920E-239984BF822F}.Release|x86.ActiveCfg = Release|Any CPU
		{FE63143C-7959-4DD0-920E-239984BF822F}.Release|x86.Build.0 = Release|Any CPU
		{87C4C502-AF99-479D-95D9-CC6C6FA93B3B}.Debug|Any CPU.ActiveCfg = Debug|Any CPU
		{87C4C502-AF99-479D-95D9-CC6C6FA93B3B}.Debug|Any CPU.Build.0 = Debug|Any CPU
		{87C4C502-AF99-479D-95D9-CC6C6FA93B3B}.Debug|x64.ActiveCfg = Debug|Any CPU
		{87C4C502-AF99-479D-95D9-CC6C6FA93B3B}.Debug|x64.Build.0 = Debug|Any CPU
		{87C4C502-AF99-479D-95D9-CC6C6FA93B3B}.Debug|x86.ActiveCfg = Debug|Any CPU
		{87C4C502-AF99-479D-95D9-CC6C6FA93B3B}.Debug|x86.Build.0 = Debug|Any CPU
		{87C4C502-AF99-479D-95D9-CC6C6FA93B3B}.Release|Any CPU.ActiveCfg = Release|Any CPU
		{87C4C502-AF99-479D-95D9-CC6C6FA93B3B}.Release|Any CPU.Build.0 = Release|Any CPU
		{87C4C502-AF99-479D-95D9-CC6C6FA93B3B}.Release|x64.ActiveCfg = Release|Any CPU
		{87C4C502-AF99-479D-95D9-CC6C6FA93B3B}.Release|x64.Build.0 = Release|Any CPU
		{87C4C502-AF99-479D-95D9-CC6C6FA93B3B}.Release|x86.ActiveCfg = Release|Any CPU
		{87C4C502-AF99-479D-95D9-CC6C6FA93B3B}.Release|x86.Build.0 = Release|Any CPU
		{78AFEFCF-48A9-40A8-8048-091B74943C7E}.Debug|Any CPU.ActiveCfg = Debug|Any CPU
		{78AFEFCF-48A9-40A8-8048-091B74943C7E}.Debug|Any CPU.Build.0 = Debug|Any CPU
		{78AFEFCF-48A9-40A8-8048-091B74943C7E}.Debug|x64.ActiveCfg = Debug|Any CPU
		{78AFEFCF-48A9-40A8-8048-091B74943C7E}.Debug|x64.Build.0 = Debug|Any CPU
		{78AFEFCF-48A9-40A8-8048-091B74943C7E}.Debug|x86.ActiveCfg = Debug|Any CPU
		{78AFEFCF-48A9-40A8-8048-091B74943C7E}.Debug|x86.Build.0 = Debug|Any CPU
		{78AFEFCF-48A9-40A8-8048-091B74943C7E}.Release|Any CPU.ActiveCfg = Release|Any CPU
		{78AFEFCF-48A9-40A8-8048-091B74943C7E}.Release|Any CPU.Build.0 = Release|Any CPU
		{78AFEFCF-48A9-40A8-8048-091B74943C7E}.Release|x64.ActiveCfg = Release|Any CPU
		{78AFEFCF-48A9-40A8-8048-091B74943C7E}.Release|x64.Build.0 = Release|Any CPU
		{78AFEFCF-48A9-40A8-8048-091B74943C7E}.Release|x86.ActiveCfg = Release|Any CPU
		{78AFEFCF-48A9-40A8-8048-091B74943C7E}.Release|x86.Build.0 = Release|Any CPU
		{870D696F-850A-4685-81F4-74AEABB50A51}.Debug|Any CPU.ActiveCfg = Debug|Any CPU
		{870D696F-850A-4685-81F4-74AEABB50A51}.Debug|Any CPU.Build.0 = Debug|Any CPU
		{870D696F-850A-4685-81F4-74AEABB50A51}.Debug|x64.ActiveCfg = Debug|Any CPU
		{870D696F-850A-4685-81F4-74AEABB50A51}.Debug|x64.Build.0 = Debug|Any CPU
		{870D696F-850A-4685-81F4-74AEABB50A51}.Debug|x86.ActiveCfg = Debug|Any CPU
		{870D696F-850A-4685-81F4-74AEABB50A51}.Debug|x86.Build.0 = Debug|Any CPU
		{870D696F-850A-4685-81F4-74AEABB50A51}.Release|Any CPU.ActiveCfg = Release|Any CPU
		{870D696F-850A-4685-81F4-74AEABB50A51}.Release|Any CPU.Build.0 = Release|Any CPU
		{870D696F-850A-4685-81F4-74AEABB50A51}.Release|x64.ActiveCfg = Release|Any CPU
		{870D696F-850A-4685-81F4-74AEABB50A51}.Release|x64.Build.0 = Release|Any CPU
		{870D696F-850A-4685-81F4-74AEABB50A51}.Release|x86.ActiveCfg = Release|Any CPU
		{870D696F-850A-4685-81F4-74AEABB50A51}.Release|x86.Build.0 = Release|Any CPU
	EndGlobalSection
	GlobalSection(SolutionProperties) = preSolution
		HideSolutionNode = FALSE
	EndGlobalSection
	GlobalSection(NestedProjects) = preSolution
		{C8E42992-5E42-0C2B-DBFE-AA848D06431C} = {827E0CD3-B72D-47B6-A68D-7590B98EB39B}
		{0EFB6AFB-9D61-4CF5-A54B-EE5579A1FC6E} = {C8E42992-5E42-0C2B-DBFE-AA848D06431C}
		{AFB332AE-8410-48B0-9BA1-D41AB7B88BF9} = {C8E42992-5E42-0C2B-DBFE-AA848D06431C}
		{BAAE5CD1-7F18-4246-9AE5-ED62419B0ABE} = {C8E42992-5E42-0C2B-DBFE-AA848D06431C}
		{C0E1F69F-61DC-46BF-BF66-64A4FFD3747C} = {2FA89949-C014-61E3-9766-4043502A0423}
		{4522EE33-9998-4F31-BB3E-0C4B4C539E34} = {2FA89949-C014-61E3-9766-4043502A0423}
		{926BCF5B-875D-4587-9999-CFCA1D1D2D1B} = {2FA89949-C014-61E3-9766-4043502A0423}
		{41A3AE4E-45E2-4430-8FF8-1532038989F5} = {2FA89949-C014-61E3-9766-4043502A0423}
		{1AD8A0FF-7732-4486-B165-1CE92BF74EB8} = {0AB3BF05-4346-4AA6-1389-037BE0695223}
		{8346DDC4-9B09-431C-AD20-5139EB1F263C} = {0AB3BF05-4346-4AA6-1389-037BE0695223}
		{75A673BF-FFC3-83FB-B26A-FC6934B54B1B} = {827E0CD3-B72D-47B6-A68D-7590B98EB39B}
		{EE708B25-F43D-42D6-BA94-54BEBAC674E9} = {75A673BF-FFC3-83FB-B26A-FC6934B54B1B}
		{7FDB322C-89B1-4E60-A4DB-8514B00A8453} = {75A673BF-FFC3-83FB-B26A-FC6934B54B1B}
		{B0F74014-A334-49DF-AD93-E5959CB44B92} = {75A673BF-FFC3-83FB-B26A-FC6934B54B1B}
		{97CC9766-6238-4498-81E8-0CAE92552DFB} = {75A673BF-FFC3-83FB-B26A-FC6934B54B1B}
		{3957116E-DF10-42B7-AD2B-6A8A53867F9F} = {0AB3BF05-4346-4AA6-1389-037BE0695223}
		{847B74E3-104A-44BE-B4EF-FC429D48D81E} = {0AB3BF05-4346-4AA6-1389-037BE0695223}
		{F27B2340-E7BA-3D4E-2BA0-468913BF6518} = {827E0CD3-B72D-47B6-A68D-7590B98EB39B}
		{9C3F0E0E-0077-4B55-9CC3-D8A0B7A3933D} = {F27B2340-E7BA-3D4E-2BA0-468913BF6518}
		{B4783B53-1D67-44B8-B194-F03FDA2973BA} = {F27B2340-E7BA-3D4E-2BA0-468913BF6518}
		{FE63143C-7959-4DD0-920E-239984BF822F} = {F27B2340-E7BA-3D4E-2BA0-468913BF6518}
		{87C4C502-AF99-479D-95D9-CC6C6FA93B3B} = {F27B2340-E7BA-3D4E-2BA0-468913BF6518}
		{78AFEFCF-48A9-40A8-8048-091B74943C7E} = {0AB3BF05-4346-4AA6-1389-037BE0695223}
		{870D696F-850A-4685-81F4-74AEABB50A51} = {0AB3BF05-4346-4AA6-1389-037BE0695223}
	EndGlobalSection
EndGlobal
